<?xml version="1.0" encoding="utf-8"?>
<Project ToolsVersion="4.0" xmlns="http://schemas.microsoft.com/developer/msbuild/2003">
  <ItemGroup>
    <Filter Include="Source Files">
      <UniqueIdentifier>{4FC737F1-C7A5-4376-A066-2A32D752A2FF}</UniqueIdentifier>
      <Extensions>cpp;c;cc;cxx;c++;cppm;ixx;def;odl;idl;hpj;bat;asm;asmx</Extensions>
    </Filter>
    <Filter Include="Header Files">
      <UniqueIdentifier>{93995380-89BD-4b04-88EB-625FBE52EBFB}</UniqueIdentifier>
      <Extensions>h;hh;hpp;hxx;h++;hm;inl;inc;ipp;xsd</Extensions>
    </Filter>
    <Filter Include="Resource Files">
      <UniqueIdentifier>{67DA6AB6-F800-4c08-8B7A-83BB121AAD01}</UniqueIdentifier>
      <Extensions>rc;ico;cur;bmp;dlg;rc2;rct;bin;rgs;gif;jpg;jpeg;jpe;resx;tiff;tif;png;wav;mfcribbon-ms</Extensions>
    </Filter>
    <Filter Include="Header Files\system_sched">
      <UniqueIdentifier>{3b0ca0c1-c593-48d9-a6a5-5c868e474403}</UniqueIdentifier>
    </Filter>
    <Filter Include="Header Files\system_sched\details">
      <UniqueIdentifier>{484d37eb-37a5-431f-b0a0-4417f074de47}</UniqueIdentifier>
    </Filter>
    <Filter Include="Source Files\system_sched">
      <UniqueIdentifier>{9bcec471-eebf-4ddd-8c24-6ddd9cbd7bed}</UniqueIdentifier>
    </Filter>
    <Filter Include="Source Files\system_sched\details">
      <UniqueIdentifier>{f106ac39-ce29-46f4-ac9e-ef1f2a75ea64}</UniqueIdentifier>
    </Filter>
  </ItemGroup>
  <ItemGroup>
    <ClInclude Include="..\..\..\..\include\execution\sched\system_sched\details\execution_sched_system_type.h">
      <Filter>Header Files\system_sched\details</Filter>
    </ClInclude>
    <ClInclude Include="..\..\..\..\include\execution\sched\system_sched\details\execution_sched_system_init.h">
      <Filter>Header Files\system_sched\details</Filter>
    </ClInclude>
    <ClInclude Include="..\..\..\..\include\execution\sched\system_sched\details\execution_sched_system_exec.h">
      <Filter>Header Files\system_sched\details</Filter>
    </ClInclude>
    <ClInclude Include="..\..\..\..\include\execution\sched\system_sched\syssched_init.h">
      <Filter>Header Files\system_sched</Filter>
    </ClInclude>
    <ClInclude Include="..\..\..\..\include\execution\sched\system_sched\syssched_type.h">
      <Filter>Header Files\system_sched</Filter>
    </ClInclude>
    <ClInclude Include="..\..\..\..\include\execution\sched\system_sched\syssched_exec.h">
      <Filter>Header Files\system_sched</Filter>
    </ClInclude>
    <ClInclude Include="..\..\..\..\include\execution\sched\system_sched\details\execution_sched_system_task.h">
      <Filter>Header Files\system_sched\details</Filter>
    </ClInclude>
    <ClInclude Include="..\..\..\..\include\execution\sched\system_sched\syssched_task.h">
      <Filter>Header Files\system_sched</Filter>
    </ClInclude>
    <ClInclude Include="..\..\..\..\include\execution\sched\system_sched\syssched.h">
      <Filter>Header Files\system_sched</Filter>
    </ClInclude>
  </ItemGroup>
  <ItemGroup>
    <ClCompile Include="..\..\..\..\source\c\sched\system_sched\details\execution_sched_system_init.c">
      <Filter>Source Files\system_sched\details</Filter>
    </ClCompile>
    <ClCompile Include="..\..\..\..\source\c\sched\system_sched\details\execution_sched_system_exec.c">
      <Filter>Source Files\system_sched\details</Filter>
    </ClCompile>
    <ClCompile Include="..\..\..\..\source\c\sched\system_sched\syssched_init.c">
      <Filter>Source Files\system_sched</Filter>
    </ClCompile>
    <ClCompile Include="..\..\..\..\source\c\sched\system_sched\syssched_exec.c">
      <Filter>Source Files\system_sched</Filter>
    </ClCompile>
    <ClCompile Include="..\..\..\..\source\c\sched\system_sched\details\execution_sched_system_task.c">
      <Filter>Source Files\system_sched\details</Filter>
    </ClCompile>
    <ClCompile Include="..\..\..\..\source\c\sched\system_sched\syssched_task.c">
      <Filter>Source Files\system_sched</Filter>
    </ClCompile>
  </ItemGroup>
</Project>